{
  "version": "3",
  "packages": {
    "specifiers": {
      "jsr:@std/assert": "jsr:@std/assert@0.226.0",
      "jsr:@std/assert@^1.0.5": "jsr:@std/assert@1.0.5",
      "jsr:@std/expect": "jsr:@std/expect@1.0.3",
      "jsr:@std/internal@^1.0.0": "jsr:@std/internal@1.0.0",
      "jsr:@std/internal@^1.0.3": "jsr:@std/internal@1.0.3",
      "jsr:@std/testing": "jsr:@std/testing@1.0.2"
    },
    "jsr": {
      "@std/assert@0.226.0": {
        "integrity": "0dfb5f7c7723c18cec118e080fec76ce15b4c31154b15ad2bd74822603ef75b3",
        "dependencies": [
          "jsr:@std/internal@^1.0.0"
        ]
      },
      "@std/assert@1.0.5": {
        "integrity": "e37da8e4033490ce613eec4ac1d78dba1faf5b02a3f6c573a28f15365b9b440f",
        "dependencies": [
          "jsr:@std/internal@^1.0.3"
        ]
      },
      "@std/expect@1.0.3": {
        "integrity": "d9cbd03323ef7feafd1e969ed85d5edb04ebbd9937b0fe7a52d5ff53be8e913a",
        "dependencies": [
          "jsr:@std/assert@^1.0.5",
          "jsr:@std/internal@^1.0.3"
        ]
      },
      "@std/internal@1.0.0": {
        "integrity": "ac6a6dfebf838582c4b4f61a6907374e27e05bedb6ce276e0f1608fe84e7cd9a"
      },
      "@std/internal@1.0.3": {
        "integrity": "208e9b94a3d5649bd880e9ca38b885ab7651ab5b5303a56ed25de4755fb7b11e"
      },
      "@std/testing@1.0.2": {
        "integrity": "9e8a7f4e26c219addabe7942d09c3450fa0a74e9662341961bc0ef502274dec3"
      }
    }
  },
  "remote": {}
}
